{
  "name": "setup-gh-badges",
  "version": "2.2.1",
  "lockfileVersion": 3,
  "requires": true,
  "packages": {
    "": {
      "name": "setup-gh-badges",
      "version": "2.2.1",
      "license": "CC0-1.0",
      "dependencies": {
        "badge-maker": "^3.2.0"
      },
      "bin": {
        "setup-gh-badges": "cli.js"
      }
    },
    "node_modules/anafanafo": {
      "version": "1.0.0",
      "resolved": "https://registry.npmjs.org/anafanafo/-/anafanafo-1.0.0.tgz",
      "integrity": "sha512-pDPbI7SFRHu0byMXHAf+v74+LCcHSxnLYkcbfiV91XRlE+NSLpFCpEQdVUy9ZxZw/LuhTrOin4r8wlR3OFrKBA==",
      "dependencies": {
        "char-width-table-consumer": "^1.0.0"
      }
    },
    "node_modules/badge-maker": {
      "version": "3.2.0",
      "resolved": "https://registry.npmjs.org/badge-maker/-/badge-maker-3.2.0.tgz",
      "integrity": "sha512-Iv/0WyMxWpjTGjCRt5MsE8nn2F1NzAphn5wX8Nqh5Q3JKxACNUy/DwcZmlihgRTq/rNGHDx6pmYqwO8wYWh4Eg==",
      "dependencies": {
        "anafanafo": "^1.0.0",
        "camelcase": "^6.0.0",
        "is-css-color": "^1.0.0"
      },
      "bin": {
        "badge": "lib/badge-cli.js"
      },
      "engines": {
        "node": ">= 10",
        "npm": ">= 5"
      }
    },
    "node_modules/binary-search": {
      "version": "1.3.6",
      "resolved": "https://registry.npmjs.org/binary-search/-/binary-search-1.3.6.tgz",
      "integrity": "sha512-nbE1WxOTTrUWIfsfZ4aHGYu5DOuNkbxGokjV6Z2kxfJK3uaAb8zNK1muzOeipoLHZjInT4Br88BHpzevc681xA=="
    },
    "node_modules/camelcase": {
      "version": "6.0.0",
      "resolved": "https://registry.npmjs.org/camelcase/-/camelcase-6.0.0.tgz",
      "integrity": "sha512-8KMDF1Vz2gzOq54ONPJS65IvTUaB1cHJ2DMM7MbPmLZljDH1qpzzLsWdiN9pHh6qvkRVDTi/07+eNGch/oLU4w==",
      "engines": {
        "node": ">=10"
      },
      "funding": {
        "url": "https://github.com/sponsors/sindresorhus"
      }
    },
    "node_modules/char-width-table-consumer": {
      "version": "1.0.0",
      "resolved": "https://registry.npmjs.org/char-width-table-consumer/-/char-width-table-consumer-1.0.0.tgz",
      "integrity": "sha512-Fz4UD0LBpxPgL9i29CJ5O4KANwaMnX/OhhbxzvNa332h+9+nRKyeuLw4wA51lt/ex67+/AdsoBQJF3kgX2feYQ==",
      "dependencies": {
        "binary-search": "^1.3.5"
      }
    },
    "node_modules/is-css-color": {
      "version": "1.0.0",
      "resolved": "https://registry.npmjs.org/is-css-color/-/is-css-color-1.0.0.tgz",
      "integrity": "sha1-EQGYzd2xVTw5Nl4px1/btQIXC78=",
      "engines": {
        "node": ">=0.10.0"
      }
    }
  }
}
